
Microsoft Visual Studio Solution File, Format Version 12.00
# Visual Studio Version 17
VisualStudioVersion = 17.8.34330.188
MinimumVisualStudioVersion = 10.0.40219.1
Project("{FAE04EC0-301F-11D3-BF4B-00C04F79EFBC}") = "WebSocket client", "WebSocket client.csproj", "{655ABBC0-8798-4989-B8E6-1106199B4222}"
EndProject
Global
	GlobalSection(SolutionConfigurationPlatforms) = preSolution
		Debug|Any CPU = Debug|Any CPU
		Release|Any CPU = Release|Any CPU
	EndGlobalSection
	GlobalSection(ProjectConfigurationPlatforms) = postSolution
		{655ABBC0-8798-4989-B8E6-1106199B4222}.Debug|Any CPU.ActiveCfg = Debug|Any CPU
		{655ABBC0-8798-4989-B8E6-1106199B4222}.Debug|Any CPU.Build.0 = Debug|Any CPU
		{655ABBC0-8798-4989-B8E6-1106199B4222}.Release|Any CPU.ActiveCfg = Release|Any CPU
		{655ABBC0-8798-4989-B8E6-1106199B4222}.Release|Any CPU.Build.0 = Release|Any CPU
	EndGlobalSection
	GlobalSection(SolutionProperties) = preSolution
		HideSolutionNode = FALSE
	EndGlobalSection
	GlobalSection(ExtensibilityGlobals) = postSolution
		SolutionGuid = {01A42287-3F22-4DF0-81B6-FAB897F6A01B}
	EndGlobalSection
EndGlobal
